
Microsoft Visual Studio Solution File, Format Version 12.00
# Visual Studio 15
VisualStudioVersion = 15.0.27004.2009
MinimumVisualStudioVersion = 10.0.40219.1
Project("{FAE04EC0-301F-11D3-BF4B-00C04F79EFBC}") = "sheepscore12", "sheepscore12\sheepscore12.csproj", "{BED3C74F-D805-4C91-8695-4814C3DDDB0B}"
EndProject
Project("{2150E333-8FDC-42A3-9474-1A3956D46DE8}") = "Solution Items", "Solution Items", "{17922FC2-052D-4534-8C27-53370C7890CF}"
	ProjectSection(SolutionItems) = preProject
		TODO.txt = TODO.txt
	EndProjectSection
EndProject
Global
	GlobalSection(SolutionConfigurationPlatforms) = preSolution
		Debug|Any CPU = Debug|Any CPU
		Release|Any CPU = Release|Any CPU
	EndGlobalSection
	GlobalSection(ProjectConfigurationPlatforms) = postSolution
		{BED3C74F-D805-4C91-8695-4814C3DDDB0B}.Debug|Any CPU.ActiveCfg = Debug|Any CPU
		{BED3C74F-D805-4C91-8695-4814C3DDDB0B}.Debug|Any CPU.Build.0 = Debug|Any CPU
		{BED3C74F-D805-4C91-8695-4814C3DDDB0B}.Release|Any CPU.ActiveCfg = Release|Any CPU
		{BED3C74F-D805-4C91-8695-4814C3DDDB0B}.Release|Any CPU.Build.0 = Release|Any CPU
	EndGlobalSection
	GlobalSection(SolutionProperties) = preSolution
		HideSolutionNode = FALSE
	EndGlobalSection
	GlobalSection(ExtensibilityGlobals) = postSolution
		SolutionGuid = {0B9B205B-5601-4015-B202-C08FE8626745}
	EndGlobalSection
EndGlobal
